<?xml version="1.0" encoding="utf-8"?>
<Project ToolsVersion="4.0" xmlns="http://schemas.microsoft.com/developer/msbuild/2003">
  <ItemGroup>
    <ClCompile Include="..\src\FlockDrawApp.cpp">
      <Filter>Sources</Filter>
    </ClCompile>
    <ClCompile Include="..\src\Particle.cpp">
      <Filter>Sources</Filter>
    </ClCompile>
    <ClCompile Include="..\src\ParticleEmitter.cpp">
      <Filter>Sources</Filter>
    </ClCompile>
    <ClCompile Include="..\src\SimpleGUI.cpp">
      <Filter>Sources</Filter>
    </ClCompile>
  </ItemGroup>
  <ItemGroup>
    <ClInclude Include="..\include\Particle.h">
      <Filter>Headers</Filter>
    </ClInclude>
    <ClInclude Include="..\include\ParticleEmitter.h">
      <Filter>Headers</Filter>
    </ClInclude>
    <ClInclude Include="..\include\Resources.h">
      <Filter>Headers</Filter>
    </ClInclude>
    <ClInclude Include="..\include\SimpleGUI.h">
      <Filter>Headers</Filter>
    </ClInclude>
    <ClInclude Include="..\include\Spatial2DGrid.h">
      <Filter>Headers</Filter>
    </ClInclude>
    <ClInclude Include="..\include\FPSCounter.h">
      <Filter>Headers</Filter>
    </ClInclude>
  </ItemGroup>
  <ItemGroup>
    <Filter Include="Sources">
      <UniqueIdentifier>{fe0ac208-b874-4a1e-87e9-653b63a56f7c}</UniqueIdentifier>
      <Extensions>*.cpp</Extensions>
    </Filter>
    <Filter Include="Resources">
      <UniqueIdentifier>{b38106b0-eeb8-4258-b634-088785e2927f}</UniqueIdentifier>
    </Filter>
    <Filter Include="Headers">
      <UniqueIdentifier>{da28b9c8-b601-49ed-a51d-a1a0ae8c1ebb}</UniqueIdentifier>
      <Extensions>*.h</Extensions>
    </Filter>
  </ItemGroup>
  <ItemGroup>
    <ResourceCompile Include="Resources.rc">
      <Filter>Resources</Filter>
    </ResourceCompile>
  </ItemGroup>
</Project>